
Microsoft Visual Studio Solution File, Format Version 12.00
# Visual Studio Version 17
VisualStudioVersion = 17.2.32317.152
MinimumVisualStudioVersion = 10.0.40219.1
Project("{FAE04EC0-301F-11D3-BF4B-00C04F79EFBC}") = "MVController", "MVController.csproj", "{C3174E61-46C6-4F7D-94EC-78742859079A}"
EndProject
Global
	GlobalSection(SolutionConfigurationPlatforms) = preSolution
		Debug|Any CPU = Debug|Any CPU
		Release|Any CPU = Release|Any CPU
	EndGlobalSection
	GlobalSection(ProjectConfigurationPlatforms) = postSolution
		{C3174E61-46C6-4F7D-94EC-78742859079A}.Debug|Any CPU.ActiveCfg = Debug|Any CPU
		{C3174E61-46C6-4F7D-94EC-78742859079A}.Debug|Any CPU.Build.0 = Debug|Any CPU
		{C3174E61-46C6-4F7D-94EC-78742859079A}.Release|Any CPU.ActiveCfg = Release|Any CPU
		{C3174E61-46C6-4F7D-94EC-78742859079A}.Release|Any CPU.Build.0 = Release|Any CPU
	EndGlobalSection
	GlobalSection(SolutionProperties) = preSolution
		HideSolutionNode = FALSE
	EndGlobalSection
	GlobalSection(ExtensibilityGlobals) = postSolution
		SolutionGuid = {26DDF36C-DEC0-4F73-924C-DD87EBF8B697}
	EndGlobalSection
EndGlobal
